
Microsoft Visual Studio Solution File, Format Version 12.00
# Visual Studio Version 17
VisualStudioVersion = 17.4.33110.190
MinimumVisualStudioVersion = 10.0.40219.1
Project("{9A19103F-16F7-4668-BE54-9A1E7A4F7556}") = "Image2TextViet", "Image2TextViet\Image2TextViet.csproj", "{1A31121E-B2AC-4B9B-925B-E49F7C129931}"
EndProject
Project("{2150E333-8FDC-42A3-9474-1A3956D46DE8}") = "Solution Items", "Solution Items", "{89F5C5DA-713E-46A0-BBA2-D663DACE025E}"
	ProjectSection(SolutionItems) = preProject
		README.md = README.md
	EndProjectSection
EndProject
Global
	GlobalSection(SolutionConfigurationPlatforms) = preSolution
		Debug|Any CPU = Debug|Any CPU
		Debug|x86 = Debug|x86
		Release|Any CPU = Release|Any CPU
		Release|x86 = Release|x86
	EndGlobalSection
	GlobalSection(ProjectConfigurationPlatforms) = postSolution
		{1A31121E-B2AC-4B9B-925B-E49F7C129931}.Debug|Any CPU.ActiveCfg = Debug|Any CPU
		{1A31121E-B2AC-4B9B-925B-E49F7C129931}.Debug|Any CPU.Build.0 = Debug|Any CPU
		{1A31121E-B2AC-4B9B-925B-E49F7C129931}.Debug|x86.ActiveCfg = Debug|Any CPU
		{1A31121E-B2AC-4B9B-925B-E49F7C129931}.Debug|x86.Build.0 = Debug|Any CPU
		{1A31121E-B2AC-4B9B-925B-E49F7C129931}.Release|Any CPU.ActiveCfg = Release|Any CPU
		{1A31121E-B2AC-4B9B-925B-E49F7C129931}.Release|Any CPU.Build.0 = Release|Any CPU
		{1A31121E-B2AC-4B9B-925B-E49F7C129931}.Release|x86.ActiveCfg = Release|Any CPU
		{1A31121E-B2AC-4B9B-925B-E49F7C129931}.Release|x86.Build.0 = Release|Any CPU
	EndGlobalSection
	GlobalSection(SolutionProperties) = preSolution
		HideSolutionNode = FALSE
	EndGlobalSection
	GlobalSection(ExtensibilityGlobals) = postSolution
		SolutionGuid = {28A714FB-A0D6-40E5-AE83-A26364A002C0}
	EndGlobalSection
EndGlobal
