
Microsoft Visual Studio Solution File, Format Version 12.00
# Visual Studio Version 17
VisualStudioVersion = 17.4.33110.190
MinimumVisualStudioVersion = 10.0.40219.1
Project("{9A19103F-16F7-4668-BE54-9A1E7A4F7556}") = "Image2TextViet", "Image2TextViet\Image2TextViet.csproj", "{1A31121E-B2AC-4B9B-925B-E49F7C129931}"
EndProject
Global
	GlobalSection(SolutionConfigurationPlatforms) = preSolution
		Debug|Any CPU = Debug|Any CPU
		Release|Any CPU = Release|Any CPU
	EndGlobalSection
	GlobalSection(ProjectConfigurationPlatforms) = postSolution
		{1A31121E-B2AC-4B9B-925B-E49F7C129931}.Debug|Any CPU.ActiveCfg = Debug|Any CPU
		{1A31121E-B2AC-4B9B-925B-E49F7C129931}.Debug|Any CPU.Build.0 = Debug|Any CPU
		{1A31121E-B2AC-4B9B-925B-E49F7C129931}.Release|Any CPU.ActiveCfg = Release|Any CPU
		{1A31121E-B2AC-4B9B-925B-E49F7C129931}.Release|Any CPU.Build.0 = Release|Any CPU
	EndGlobalSection
	GlobalSection(SolutionProperties) = preSolution
		HideSolutionNode = FALSE
	EndGlobalSection
	GlobalSection(ExtensibilityGlobals) = postSolution
		SolutionGuid = {28A714FB-A0D6-40E5-AE83-A26364A002C0}
	EndGlobalSection
EndGlobal
